// !$*UTF8*$!
{
	archiveVersion = 1;
	classes = {
	};
	objectVersion = 56;
	objects = {

/* Begin PBXBuildFile section */
		231ABF2D2BB0DF78007628A2 /* GreenGuardApp.swift in Sources */ = {isa = PBXBuildFile; fileRef = 231ABF2C2BB0DF78007628A2 /* GreenGuardApp.swift */; };
		231ABF2F2BB0DF78007628A2 /* ContentView.swift in Sources */ = {isa = PBXBuildFile; fileRef = 231ABF2E2BB0DF78007628A2 /* ContentView.swift */; };
		231ABF312BB0DF79007628A2 /* Assets.xcassets in Resources */ = {isa = PBXBuildFile; fileRef = 231ABF302BB0DF79007628A2 /* Assets.xcassets */; };
		231ABF342BB0DF79007628A2 /* Preview Assets.xcassets in Resources */ = {isa = PBXBuildFile; fileRef = 231ABF332BB0DF79007628A2 /* Preview Assets.xcassets */; };
		231ABF3F2BB0FA2A007628A2 /* HomeView.swift in Sources */ = {isa = PBXBuildFile; fileRef = 231ABF3E2BB0FA2A007628A2 /* HomeView.swift */; };
		231ABF412BB0FA38007628A2 /* RoomView.swift in Sources */ = {isa = PBXBuildFile; fileRef = 231ABF402BB0FA38007628A2 /* RoomView.swift */; };
		231ABF432BB0FA57007628A2 /* ProfileView.swift in Sources */ = {isa = PBXBuildFile; fileRef = 231ABF422BB0FA57007628A2 /* ProfileView.swift */; };
		231ABF452BB0FA66007628A2 /* PlantView.swift in Sources */ = {isa = PBXBuildFile; fileRef = 231ABF442BB0FA66007628A2 /* PlantView.swift */; };
		231ABF472BB0FA79007628A2 /* LoginView.swift in Sources */ = {isa = PBXBuildFile; fileRef = 231ABF462BB0FA79007628A2 /* LoginView.swift */; };
		231ABF492BB0FA8C007628A2 /* RegisterView.swift in Sources */ = {isa = PBXBuildFile; fileRef = 231ABF482BB0FA8C007628A2 /* RegisterView.swift */; };
		231ABF4B2BB0FA9A007628A2 /* SettingsView.swift in Sources */ = {isa = PBXBuildFile; fileRef = 231ABF4A2BB0FA9A007628A2 /* SettingsView.swift */; };
		231ABF4F2BB0FBEB007628A2 /* HomeViewViewModel.swift in Sources */ = {isa = PBXBuildFile; fileRef = 231ABF4E2BB0FBEB007628A2 /* HomeViewViewModel.swift */; };
		231ABF512BB0FC0C007628A2 /* RoomViewViewModel.swift in Sources */ = {isa = PBXBuildFile; fileRef = 231ABF502BB0FC0C007628A2 /* RoomViewViewModel.swift */; };
		231ABF532BB0FC2F007628A2 /* ProfileViewViewModel.swift in Sources */ = {isa = PBXBuildFile; fileRef = 231ABF522BB0FC2F007628A2 /* ProfileViewViewModel.swift */; };
		231ABF552BB10496007628A2 /* PlantViewViewModel.swift in Sources */ = {isa = PBXBuildFile; fileRef = 231ABF542BB10496007628A2 /* PlantViewViewModel.swift */; };
		231ABF572BB104BE007628A2 /* LoginViewViewModel.swift in Sources */ = {isa = PBXBuildFile; fileRef = 231ABF562BB104BE007628A2 /* LoginViewViewModel.swift */; };
		231ABF592BB104E1007628A2 /* RegisterViewViewModel.swift in Sources */ = {isa = PBXBuildFile; fileRef = 231ABF582BB104E1007628A2 /* RegisterViewViewModel.swift */; };
		231ABF5B2BB1051F007628A2 /* SettingsViewViewModel.swift in Sources */ = {isa = PBXBuildFile; fileRef = 231ABF5A2BB1051F007628A2 /* SettingsViewViewModel.swift */; };
		231ABF5D2BB10539007628A2 /* User.swift in Sources */ = {isa = PBXBuildFile; fileRef = 231ABF5C2BB10539007628A2 /* User.swift */; };
		231ABF5F2BB1055E007628A2 /* Plant.swift in Sources */ = {isa = PBXBuildFile; fileRef = 231ABF5E2BB1055E007628A2 /* Plant.swift */; };
		231ABF612BB105FE007628A2 /* MainView.swift in Sources */ = {isa = PBXBuildFile; fileRef = 231ABF602BB105FE007628A2 /* MainView.swift */; };
		231ABF632BB1060A007628A2 /* MainViewViewModel.swift in Sources */ = {isa = PBXBuildFile; fileRef = 231ABF622BB1060A007628A2 /* MainViewViewModel.swift */; };
		231ABF662BB1066E007628A2 /* FirebaseAnalytics in Frameworks */ = {isa = PBXBuildFile; productRef = 231ABF652BB1066E007628A2 /* FirebaseAnalytics */; };
		231ABF682BB1066E007628A2 /* FirebaseAuth in Frameworks */ = {isa = PBXBuildFile; productRef = 231ABF672BB1066E007628A2 /* FirebaseAuth */; };
		231ABF6A2BB1066E007628A2 /* FirebaseAuthCombine-Community in Frameworks */ = {isa = PBXBuildFile; productRef = 231ABF692BB1066E007628A2 /* FirebaseAuthCombine-Community */; };
		231ABF6C2BB1066E007628A2 /* FirebaseDatabase in Frameworks */ = {isa = PBXBuildFile; productRef = 231ABF6B2BB1066E007628A2 /* FirebaseDatabase */; };
		231ABF6E2BB1066E007628A2 /* FirebaseDatabaseSwift in Frameworks */ = {isa = PBXBuildFile; productRef = 231ABF6D2BB1066E007628A2 /* FirebaseDatabaseSwift */; };
		231ABF702BB1066E007628A2 /* FirebaseFirestore in Frameworks */ = {isa = PBXBuildFile; productRef = 231ABF6F2BB1066E007628A2 /* FirebaseFirestore */; };
		231ABF722BB1066E007628A2 /* FirebaseFirestoreCombine-Community in Frameworks */ = {isa = PBXBuildFile; productRef = 231ABF712BB1066E007628A2 /* FirebaseFirestoreCombine-Community */; };
		231ABF742BB1066E007628A2 /* FirebaseFirestoreSwift in Frameworks */ = {isa = PBXBuildFile; productRef = 231ABF732BB1066E007628A2 /* FirebaseFirestoreSwift */; };
		231ABF762BB1066E007628A2 /* FirebaseStorage in Frameworks */ = {isa = PBXBuildFile; productRef = 231ABF752BB1066E007628A2 /* FirebaseStorage */; };
		231ABF782BB1066E007628A2 /* FirebaseStorageCombine-Community in Frameworks */ = {isa = PBXBuildFile; productRef = 231ABF772BB1066E007628A2 /* FirebaseStorageCombine-Community */; };
		231ABF7B2BB10747007628A2 /* Apollo in Frameworks */ = {isa = PBXBuildFile; productRef = 231ABF7A2BB10747007628A2 /* Apollo */; };
		231ABF7D2BB10747007628A2 /* ApolloAPI in Frameworks */ = {isa = PBXBuildFile; productRef = 231ABF7C2BB10747007628A2 /* ApolloAPI */; };
		231ABF832BB108EF007628A2 /* GoogleService-Info.plist in Resources */ = {isa = PBXBuildFile; fileRef = 231ABF822BB108EF007628A2 /* GoogleService-Info.plist */; };
		231ABF852BB270C8007628A2 /* ForgotPasswordView.swift in Sources */ = {isa = PBXBuildFile; fileRef = 231ABF842BB270C8007628A2 /* ForgotPasswordView.swift */; };
		231ABF892BB284E8007628A2 /* LoginFormView.swift in Sources */ = {isa = PBXBuildFile; fileRef = 231ABF882BB284E7007628A2 /* LoginFormView.swift */; };
		231ABF8B2BB38BB4007628A2 /* RegisterFormView.swift in Sources */ = {isa = PBXBuildFile; fileRef = 231ABF8A2BB38BB4007628A2 /* RegisterFormView.swift */; };
		231ABF8D2BB532A5007628A2 /* extension.swift in Sources */ = {isa = PBXBuildFile; fileRef = 231ABF8C2BB532A5007628A2 /* extension.swift */; };
/* End PBXBuildFile section */

/* Begin PBXFileReference section */
		231ABF292BB0DF78007628A2 /* GreenGuard.app */ = {isa = PBXFileReference; explicitFileType = wrapper.application; includeInIndex = 0; path = GreenGuard.app; sourceTree = BUILT_PRODUCTS_DIR; };
		231ABF2C2BB0DF78007628A2 /* GreenGuardApp.swift */ = {isa = PBXFileReference; lastKnownFileType = sourcecode.swift; path = GreenGuardApp.swift; sourceTree = "<group>"; };
		231ABF2E2BB0DF78007628A2 /* ContentView.swift */ = {isa = PBXFileReference; lastKnownFileType = sourcecode.swift; path = ContentView.swift; sourceTree = "<group>"; };
		231ABF302BB0DF79007628A2 /* Assets.xcassets */ = {isa = PBXFileReference; lastKnownFileType = folder.assetcatalog; path = Assets.xcassets; sourceTree = "<group>"; };
		231ABF332BB0DF79007628A2 /* Preview Assets.xcassets */ = {isa = PBXFileReference; lastKnownFileType = folder.assetcatalog; path = "Preview Assets.xcassets"; sourceTree = "<group>"; };
		231ABF3E2BB0FA2A007628A2 /* HomeView.swift */ = {isa = PBXFileReference; lastKnownFileType = sourcecode.swift; path = HomeView.swift; sourceTree = "<group>"; };
		231ABF402BB0FA38007628A2 /* RoomView.swift */ = {isa = PBXFileReference; lastKnownFileType = sourcecode.swift; path = RoomView.swift; sourceTree = "<group>"; };
		231ABF422BB0FA57007628A2 /* ProfileView.swift */ = {isa = PBXFileReference; lastKnownFileType = sourcecode.swift; path = ProfileView.swift; sourceTree = "<group>"; };
		231ABF442BB0FA66007628A2 /* PlantView.swift */ = {isa = PBXFileReference; lastKnownFileType = sourcecode.swift; path = PlantView.swift; sourceTree = "<group>"; };
		231ABF462BB0FA79007628A2 /* LoginView.swift */ = {isa = PBXFileReference; lastKnownFileType = sourcecode.swift; path = LoginView.swift; sourceTree = "<group>"; };
		231ABF482BB0FA8C007628A2 /* RegisterView.swift */ = {isa = PBXFileReference; lastKnownFileType = sourcecode.swift; path = RegisterView.swift; sourceTree = "<group>"; };
		231ABF4A2BB0FA9A007628A2 /* SettingsView.swift */ = {isa = PBXFileReference; lastKnownFileType = sourcecode.swift; path = SettingsView.swift; sourceTree = "<group>"; };
		231ABF4E2BB0FBEB007628A2 /* HomeViewViewModel.swift */ = {isa = PBXFileReference; lastKnownFileType = sourcecode.swift; path = HomeViewViewModel.swift; sourceTree = "<group>"; };
		231ABF502BB0FC0C007628A2 /* RoomViewViewModel.swift */ = {isa = PBXFileReference; lastKnownFileType = sourcecode.swift; path = RoomViewViewModel.swift; sourceTree = "<group>"; };
		231ABF522BB0FC2F007628A2 /* ProfileViewViewModel.swift */ = {isa = PBXFileReference; lastKnownFileType = sourcecode.swift; path = ProfileViewViewModel.swift; sourceTree = "<group>"; };
		231ABF542BB10496007628A2 /* PlantViewViewModel.swift */ = {isa = PBXFileReference; lastKnownFileType = sourcecode.swift; path = PlantViewViewModel.swift; sourceTree = "<group>"; };
		231ABF562BB104BE007628A2 /* LoginViewViewModel.swift */ = {isa = PBXFileReference; lastKnownFileType = sourcecode.swift; path = LoginViewViewModel.swift; sourceTree = "<group>"; };
		231ABF582BB104E1007628A2 /* RegisterViewViewModel.swift */ = {isa = PBXFileReference; lastKnownFileType = sourcecode.swift; path = RegisterViewViewModel.swift; sourceTree = "<group>"; };
		231ABF5A2BB1051F007628A2 /* SettingsViewViewModel.swift */ = {isa = PBXFileReference; lastKnownFileType = sourcecode.swift; path = SettingsViewViewModel.swift; sourceTree = "<group>"; };
		231ABF5C2BB10539007628A2 /* User.swift */ = {isa = PBXFileReference; lastKnownFileType = sourcecode.swift; path = User.swift; sourceTree = "<group>"; };
		231ABF5E2BB1055E007628A2 /* Plant.swift */ = {isa = PBXFileReference; lastKnownFileType = sourcecode.swift; path = Plant.swift; sourceTree = "<group>"; };
		231ABF602BB105FE007628A2 /* MainView.swift */ = {isa = PBXFileReference; lastKnownFileType = sourcecode.swift; path = MainView.swift; sourceTree = "<group>"; };
		231ABF622BB1060A007628A2 /* MainViewViewModel.swift */ = {isa = PBXFileReference; lastKnownFileType = sourcecode.swift; path = MainViewViewModel.swift; sourceTree = "<group>"; };
		231ABF822BB108EF007628A2 /* GoogleService-Info.plist */ = {isa = PBXFileReference; fileEncoding = 4; lastKnownFileType = text.plist.xml; path = "GoogleService-Info.plist"; sourceTree = "<group>"; };
		231ABF842BB270C8007628A2 /* ForgotPasswordView.swift */ = {isa = PBXFileReference; lastKnownFileType = sourcecode.swift; path = ForgotPasswordView.swift; sourceTree = "<group>"; };
		231ABF882BB284E7007628A2 /* LoginFormView.swift */ = {isa = PBXFileReference; lastKnownFileType = sourcecode.swift; path = LoginFormView.swift; sourceTree = "<group>"; };
		231ABF8A2BB38BB4007628A2 /* RegisterFormView.swift */ = {isa = PBXFileReference; lastKnownFileType = sourcecode.swift; path = RegisterFormView.swift; sourceTree = "<group>"; };
		231ABF8C2BB532A5007628A2 /* extension.swift */ = {isa = PBXFileReference; lastKnownFileType = sourcecode.swift; path = extension.swift; sourceTree = "<group>"; };
/* End PBXFileReference section */

/* Begin PBXFrameworksBuildPhase section */
		231ABF262BB0DF78007628A2 /* Frameworks */ = {
			isa = PBXFrameworksBuildPhase;
			buildActionMask = 2147483647;
			files = (
				231ABF7B2BB10747007628A2 /* Apollo in Frameworks */,
				231ABF6E2BB1066E007628A2 /* FirebaseDatabaseSwift in Frameworks */,
				231ABF662BB1066E007628A2 /* FirebaseAnalytics in Frameworks */,
				231ABF782BB1066E007628A2 /* FirebaseStorageCombine-Community in Frameworks */,
				231ABF762BB1066E007628A2 /* FirebaseStorage in Frameworks */,
				231ABF6A2BB1066E007628A2 /* FirebaseAuthCombine-Community in Frameworks */,
				231ABF7D2BB10747007628A2 /* ApolloAPI in Frameworks */,
				231ABF6C2BB1066E007628A2 /* FirebaseDatabase in Frameworks */,
				231ABF682BB1066E007628A2 /* FirebaseAuth in Frameworks */,
				231ABF702BB1066E007628A2 /* FirebaseFirestore in Frameworks */,
				231ABF722BB1066E007628A2 /* FirebaseFirestoreCombine-Community in Frameworks */,
				231ABF742BB1066E007628A2 /* FirebaseFirestoreSwift in Frameworks */,
			);
			runOnlyForDeploymentPostprocessing = 0;
		};
/* End PBXFrameworksBuildPhase section */

/* Begin PBXGroup section */
		231ABF202BB0DF78007628A2 = {
			isa = PBXGroup;
			children = (
				231ABF2B2BB0DF78007628A2 /* GreenGuard */,
				231ABF2A2BB0DF78007628A2 /* Products */,
			);
			sourceTree = "<group>";
		};
		231ABF2A2BB0DF78007628A2 /* Products */ = {
			isa = PBXGroup;
			children = (
				231ABF292BB0DF78007628A2 /* GreenGuard.app */,
			);
			name = Products;
			sourceTree = "<group>";
		};
		231ABF2B2BB0DF78007628A2 /* GreenGuard */ = {
			isa = PBXGroup;
			children = (
				231ABF3D2BB0E553007628A2 /* Other */,
				231ABF3C2BB0E54B007628A2 /* Models */,
				231ABF3B2BB0E544007628A2 /* ViewModels */,
				231ABF3A2BB0E53D007628A2 /* Views */,
				231ABF322BB0DF79007628A2 /* Preview Content */,
			);
			path = GreenGuard;
			sourceTree = "<group>";
		};
		231ABF322BB0DF79007628A2 /* Preview Content */ = {
			isa = PBXGroup;
			children = (
				231ABF332BB0DF79007628A2 /* Preview Assets.xcassets */,
			);
			path = "Preview Content";
			sourceTree = "<group>";
		};
		231ABF3A2BB0E53D007628A2 /* Views */ = {
			isa = PBXGroup;
			children = (
				231ABF2E2BB0DF78007628A2 /* ContentView.swift */,
				231ABF8A2BB38BB4007628A2 /* RegisterFormView.swift */,
				231ABF3E2BB0FA2A007628A2 /* HomeView.swift */,
				231ABF402BB0FA38007628A2 /* RoomView.swift */,
				231ABF422BB0FA57007628A2 /* ProfileView.swift */,
				231ABF442BB0FA66007628A2 /* PlantView.swift */,
				231ABF462BB0FA79007628A2 /* LoginView.swift */,
				231ABF482BB0FA8C007628A2 /* RegisterView.swift */,
				231ABF4A2BB0FA9A007628A2 /* SettingsView.swift */,
				231ABF602BB105FE007628A2 /* MainView.swift */,
				231ABF842BB270C8007628A2 /* ForgotPasswordView.swift */,
				231ABF882BB284E7007628A2 /* LoginFormView.swift */,
			);
			path = Views;
			sourceTree = "<group>";
		};
		231ABF3B2BB0E544007628A2 /* ViewModels */ = {
			isa = PBXGroup;
			children = (
				231ABF4E2BB0FBEB007628A2 /* HomeViewViewModel.swift */,
				231ABF502BB0FC0C007628A2 /* RoomViewViewModel.swift */,
				231ABF522BB0FC2F007628A2 /* ProfileViewViewModel.swift */,
				231ABF542BB10496007628A2 /* PlantViewViewModel.swift */,
				231ABF562BB104BE007628A2 /* LoginViewViewModel.swift */,
				231ABF582BB104E1007628A2 /* RegisterViewViewModel.swift */,
				231ABF5A2BB1051F007628A2 /* SettingsViewViewModel.swift */,
				231ABF622BB1060A007628A2 /* MainViewViewModel.swift */,
			);
			path = ViewModels;
			sourceTree = "<group>";
		};
		231ABF3C2BB0E54B007628A2 /* Models */ = {
			isa = PBXGroup;
			children = (
				231ABF5C2BB10539007628A2 /* User.swift */,
				231ABF5E2BB1055E007628A2 /* Plant.swift */,
			);
			path = Models;
			sourceTree = "<group>";
		};
		231ABF3D2BB0E553007628A2 /* Other */ = {
			isa = PBXGroup;
			children = (
				231ABF302BB0DF79007628A2 /* Assets.xcassets */,
				231ABF822BB108EF007628A2 /* GoogleService-Info.plist */,
				231ABF2C2BB0DF78007628A2 /* GreenGuardApp.swift */,
				231ABF8C2BB532A5007628A2 /* extension.swift */,
			);
			path = Other;
			sourceTree = "<group>";
		};
/* End PBXGroup section */

/* Begin PBXNativeTarget section */
		231ABF282BB0DF78007628A2 /* GreenGuard */ = {
			isa = PBXNativeTarget;
			buildConfigurationList = 231ABF372BB0DF79007628A2 /* Build configuration list for PBXNativeTarget "GreenGuard" */;
			buildPhases = (
				231ABF252BB0DF78007628A2 /* Sources */,
				231ABF262BB0DF78007628A2 /* Frameworks */,
				231ABF272BB0DF78007628A2 /* Resources */,
			);
			buildRules = (
			);
			dependencies = (
			);
			name = GreenGuard;
			packageProductDependencies = (
				231ABF652BB1066E007628A2 /* FirebaseAnalytics */,
				231ABF672BB1066E007628A2 /* FirebaseAuth */,
				231ABF692BB1066E007628A2 /* FirebaseAuthCombine-Community */,
				231ABF6B2BB1066E007628A2 /* FirebaseDatabase */,
				231ABF6D2BB1066E007628A2 /* FirebaseDatabaseSwift */,
				231ABF6F2BB1066E007628A2 /* FirebaseFirestore */,
				231ABF712BB1066E007628A2 /* FirebaseFirestoreCombine-Community */,
				231ABF732BB1066E007628A2 /* FirebaseFirestoreSwift */,
				231ABF752BB1066E007628A2 /* FirebaseStorage */,
				231ABF772BB1066E007628A2 /* FirebaseStorageCombine-Community */,
				231ABF7A2BB10747007628A2 /* Apollo */,
				231ABF7C2BB10747007628A2 /* ApolloAPI */,
			);
			productName = GreenGuard;
			productReference = 231ABF292BB0DF78007628A2 /* GreenGuard.app */;
			productType = "com.apple.product-type.application";
		};
/* End PBXNativeTarget section */

/* Begin PBXProject section */
		231ABF212BB0DF78007628A2 /* Project object */ = {
			isa = PBXProject;
			attributes = {
				BuildIndependentTargetsInParallel = 1;
				LastSwiftUpdateCheck = 1520;
				LastUpgradeCheck = 1520;
				TargetAttributes = {
					231ABF282BB0DF78007628A2 = {
						CreatedOnToolsVersion = 15.2;
					};
				};
			};
			buildConfigurationList = 231ABF242BB0DF78007628A2 /* Build configuration list for PBXProject "GreenGuard" */;
			compatibilityVersion = "Xcode 14.0";
			developmentRegion = en;
			hasScannedForEncodings = 0;
			knownRegions = (
				en,
				Base,
			);
			mainGroup = 231ABF202BB0DF78007628A2;
			packageReferences = (
				231ABF642BB1066E007628A2 /* XCRemoteSwiftPackageReference "firebase-ios-sdk" */,
				231ABF792BB10747007628A2 /* XCRemoteSwiftPackageReference "apollo-ios" */,
			);
			productRefGroup = 231ABF2A2BB0DF78007628A2 /* Products */;
			projectDirPath = "";
			projectRoot = "";
			targets = (
				231ABF282BB0DF78007628A2 /* GreenGuard */,
			);
		};
/* End PBXProject section */

/* Begin PBXResourcesBuildPhase section */
		231ABF272BB0DF78007628A2 /* Resources */ = {
			isa = PBXResourcesBuildPhase;
			buildActionMask = 2147483647;
			files = (
				231ABF342BB0DF79007628A2 /* Preview Assets.xcassets in Resources */,
				231ABF312BB0DF79007628A2 /* Assets.xcassets in Resources */,
				231ABF832BB108EF007628A2 /* GoogleService-Info.plist in Resources */,
			);
			runOnlyForDeploymentPostprocessing = 0;
		};
/* End PBXResourcesBuildPhase section */

/* Begin PBXSourcesBuildPhase section */
		231ABF252BB0DF78007628A2 /* Sources */ = {
			isa = PBXSourcesBuildPhase;
			buildActionMask = 2147483647;
			files = (
				231ABF4F2BB0FBEB007628A2 /* HomeViewViewModel.swift in Sources */,
				231ABF852BB270C8007628A2 /* ForgotPasswordView.swift in Sources */,
				231ABF5F2BB1055E007628A2 /* Plant.swift in Sources */,
				231ABF8B2BB38BB4007628A2 /* RegisterFormView.swift in Sources */,
				231ABF572BB104BE007628A2 /* LoginViewViewModel.swift in Sources */,
				231ABF3F2BB0FA2A007628A2 /* HomeView.swift in Sources */,
				231ABF472BB0FA79007628A2 /* LoginView.swift in Sources */,
				231ABF612BB105FE007628A2 /* MainView.swift in Sources */,
				231ABF512BB0FC0C007628A2 /* RoomViewViewModel.swift in Sources */,
				231ABF892BB284E8007628A2 /* LoginFormView.swift in Sources */,
				231ABF592BB104E1007628A2 /* RegisterViewViewModel.swift in Sources */,
				231ABF412BB0FA38007628A2 /* RoomView.swift in Sources */,
				231ABF5D2BB10539007628A2 /* User.swift in Sources */,
				231ABF532BB0FC2F007628A2 /* ProfileViewViewModel.swift in Sources */,
				231ABF4B2BB0FA9A007628A2 /* SettingsView.swift in Sources */,
				231ABF8D2BB532A5007628A2 /* extension.swift in Sources */,
				231ABF452BB0FA66007628A2 /* PlantView.swift in Sources */,
				231ABF432BB0FA57007628A2 /* ProfileView.swift in Sources */,
				231ABF492BB0FA8C007628A2 /* RegisterView.swift in Sources */,
				231ABF2F2BB0DF78007628A2 /* ContentView.swift in Sources */,
				231ABF2D2BB0DF78007628A2 /* GreenGuardApp.swift in Sources */,
				231ABF5B2BB1051F007628A2 /* SettingsViewViewModel.swift in Sources */,
				231ABF632BB1060A007628A2 /* MainViewViewModel.swift in Sources */,
				231ABF552BB10496007628A2 /* PlantViewViewModel.swift in Sources */,
			);
			runOnlyForDeploymentPostprocessing = 0;
		};
/* End PBXSourcesBuildPhase section */

/* Begin XCBuildConfiguration section */
		231ABF352BB0DF79007628A2 /* Debug */ = {
			isa = XCBuildConfiguration;
			buildSettings = {
				ALWAYS_SEARCH_USER_PATHS = NO;
				ASSETCATALOG_COMPILER_GENERATE_SWIFT_ASSET_SYMBOL_EXTENSIONS = YES;
				CLANG_ANALYZER_NONNULL = YES;
				CLANG_ANALYZER_NUMBER_OBJECT_CONVERSION = YES_AGGRESSIVE;
				CLANG_CXX_LANGUAGE_STANDARD = "gnu++20";
				CLANG_ENABLE_MODULES = YES;
				CLANG_ENABLE_OBJC_ARC = YES;
				CLANG_ENABLE_OBJC_WEAK = YES;
				CLANG_WARN_BLOCK_CAPTURE_AUTORELEASING = YES;
				CLANG_WARN_BOOL_CONVERSION = YES;
				CLANG_WARN_COMMA = YES;
				CLANG_WARN_CONSTANT_CONVERSION = YES;
				CLANG_WARN_DEPRECATED_OBJC_IMPLEMENTATIONS = YES;
				CLANG_WARN_DIRECT_OBJC_ISA_USAGE = YES_ERROR;
				CLANG_WARN_DOCUMENTATION_COMMENTS = YES;
				CLANG_WARN_EMPTY_BODY = YES;
				CLANG_WARN_ENUM_CONVERSION = YES;
				CLANG_WARN_INFINITE_RECURSION = YES;
				CLANG_WARN_INT_CONVERSION = YES;
				CLANG_WARN_NON_LITERAL_NULL_CONVERSION = YES;
				CLANG_WARN_OBJC_IMPLICIT_RETAIN_SELF = YES;
				CLANG_WARN_OBJC_LITERAL_CONVERSION = YES;
				CLANG_WARN_OBJC_ROOT_CLASS = YES_ERROR;
				CLANG_WARN_QUOTED_INCLUDE_IN_FRAMEWORK_HEADER = YES;
				CLANG_WARN_RANGE_LOOP_ANALYSIS = YES;
				CLANG_WARN_STRICT_PROTOTYPES = YES;
				CLANG_WARN_SUSPICIOUS_MOVE = YES;
				CLANG_WARN_UNGUARDED_AVAILABILITY = YES_AGGRESSIVE;
				CLANG_WARN_UNREACHABLE_CODE = YES;
				CLANG_WARN__DUPLICATE_METHOD_MATCH = YES;
				COPY_PHASE_STRIP = NO;
				DEBUG_INFORMATION_FORMAT = dwarf;
				ENABLE_STRICT_OBJC_MSGSEND = YES;
				ENABLE_TESTABILITY = YES;
				ENABLE_USER_SCRIPT_SANDBOXING = YES;
				GCC_C_LANGUAGE_STANDARD = gnu17;
				GCC_DYNAMIC_NO_PIC = NO;
				GCC_NO_COMMON_BLOCKS = YES;
				GCC_OPTIMIZATION_LEVEL = 0;
				GCC_PREPROCESSOR_DEFINITIONS = (
					"DEBUG=1",
					"$(inherited)",
				);
				GCC_WARN_64_TO_32_BIT_CONVERSION = YES;
				GCC_WARN_ABOUT_RETURN_TYPE = YES_ERROR;
				GCC_WARN_UNDECLARED_SELECTOR = YES;
				GCC_WARN_UNINITIALIZED_AUTOS = YES_AGGRESSIVE;
				GCC_WARN_UNUSED_FUNCTION = YES;
				GCC_WARN_UNUSED_VARIABLE = YES;
				IPHONEOS_DEPLOYMENT_TARGET = 17.2;
				LOCALIZATION_PREFERS_STRING_CATALOGS = YES;
				MTL_ENABLE_DEBUG_INFO = INCLUDE_SOURCE;
				MTL_FAST_MATH = YES;
				ONLY_ACTIVE_ARCH = YES;
				SDKROOT = iphoneos;
				SWIFT_ACTIVE_COMPILATION_CONDITIONS = "DEBUG $(inherited)";
				SWIFT_OPTIMIZATION_LEVEL = "-Onone";
			};
			name = Debug;
		};
		231ABF362BB0DF79007628A2 /* Release */ = {
			isa = XCBuildConfiguration;
			buildSettings = {
				ALWAYS_SEARCH_USER_PATHS = NO;
				ASSETCATALOG_COMPILER_GENERATE_SWIFT_ASSET_SYMBOL_EXTENSIONS = YES;
				CLANG_ANALYZER_NONNULL = YES;
				CLANG_ANALYZER_NUMBER_OBJECT_CONVERSION = YES_AGGRESSIVE;
				CLANG_CXX_LANGUAGE_STANDARD = "gnu++20";
				CLANG_ENABLE_MODULES = YES;
				CLANG_ENABLE_OBJC_ARC = YES;
				CLANG_ENABLE_OBJC_WEAK = YES;
				CLANG_WARN_BLOCK_CAPTURE_AUTORELEASING = YES;
				CLANG_WARN_BOOL_CONVERSION = YES;
				CLANG_WARN_COMMA = YES;
				CLANG_WARN_CONSTANT_CONVERSION = YES;
				CLANG_WARN_DEPRECATED_OBJC_IMPLEMENTATIONS = YES;
				CLANG_WARN_DIRECT_OBJC_ISA_USAGE = YES_ERROR;
				CLANG_WARN_DOCUMENTATION_COMMENTS = YES;
				CLANG_WARN_EMPTY_BODY = YES;
				CLANG_WARN_ENUM_CONVERSION = YES;
				CLANG_WARN_INFINITE_RECURSION = YES;
				CLANG_WARN_INT_CONVERSION = YES;
				CLANG_WARN_NON_LITERAL_NULL_CONVERSION = YES;
				CLANG_WARN_OBJC_IMPLICIT_RETAIN_SELF = YES;
				CLANG_WARN_OBJC_LITERAL_CONVERSION = YES;
				CLANG_WARN_OBJC_ROOT_CLASS = YES_ERROR;
				CLANG_WARN_QUOTED_INCLUDE_IN_FRAMEWORK_HEADER = YES;
				CLANG_WARN_RANGE_LOOP_ANALYSIS = YES;
				CLANG_WARN_STRICT_PROTOTYPES = YES;
				CLANG_WARN_SUSPICIOUS_MOVE = YES;
				CLANG_WARN_UNGUARDED_AVAILABILITY = YES_AGGRESSIVE;
				CLANG_WARN_UNREACHABLE_CODE = YES;
				CLANG_WARN__DUPLICATE_METHOD_MATCH = YES;
				COPY_PHASE_STRIP = NO;
				DEBUG_INFORMATION_FORMAT = "dwarf-with-dsym";
				ENABLE_NS_ASSERTIONS = NO;
				ENABLE_STRICT_OBJC_MSGSEND = YES;
				ENABLE_USER_SCRIPT_SANDBOXING = YES;
				GCC_C_LANGUAGE_STANDARD = gnu17;
				GCC_NO_COMMON_BLOCKS = YES;
				GCC_WARN_64_TO_32_BIT_CONVERSION = YES;
				GCC_WARN_ABOUT_RETURN_TYPE = YES_ERROR;
				GCC_WARN_UNDECLARED_SELECTOR = YES;
				GCC_WARN_UNINITIALIZED_AUTOS = YES_AGGRESSIVE;
				GCC_WARN_UNUSED_FUNCTION = YES;
				GCC_WARN_UNUSED_VARIABLE = YES;
				IPHONEOS_DEPLOYMENT_TARGET = 17.2;
				LOCALIZATION_PREFERS_STRING_CATALOGS = YES;
				MTL_ENABLE_DEBUG_INFO = NO;
				MTL_FAST_MATH = YES;
				SDKROOT = iphoneos;
				SWIFT_COMPILATION_MODE = wholemodule;
				VALIDATE_PRODUCT = YES;
			};
			name = Release;
		};
		231ABF382BB0DF79007628A2 /* Debug */ = {
			isa = XCBuildConfiguration;
			buildSettings = {
				ASSETCATALOG_COMPILER_APPICON_NAME = AppIcon;
				ASSETCATALOG_COMPILER_GLOBAL_ACCENT_COLOR_NAME = AccentColor;
				CODE_SIGN_STYLE = Automatic;
				CURRENT_PROJECT_VERSION = 1;
				DEVELOPMENT_ASSET_PATHS = "\"GreenGuard/Preview Content\"";
				ENABLE_PREVIEWS = YES;
				GENERATE_INFOPLIST_FILE = YES;
				INFOPLIST_KEY_UIApplicationSceneManifest_Generation = YES;
				INFOPLIST_KEY_UIApplicationSupportsIndirectInputEvents = YES;
				INFOPLIST_KEY_UILaunchScreen_Generation = YES;
				INFOPLIST_KEY_UISupportedInterfaceOrientations_iPad = "UIInterfaceOrientationPortrait UIInterfaceOrientationPortraitUpsideDown UIInterfaceOrientationLandscapeLeft UIInterfaceOrientationLandscapeRight";
				INFOPLIST_KEY_UISupportedInterfaceOrientations_iPhone = "UIInterfaceOrientationPortrait UIInterfaceOrientationLandscapeLeft UIInterfaceOrientationLandscapeRight";
				LD_RUNPATH_SEARCH_PATHS = (
					"$(inherited)",
					"@executable_path/Frameworks",
				);
				MARKETING_VERSION = 1.0;
				PRODUCT_BUNDLE_IDENTIFIER = com.GreenGuard.GreenGuard;
				PRODUCT_NAME = "$(TARGET_NAME)";
				SWIFT_EMIT_LOC_STRINGS = YES;
				SWIFT_VERSION = 5.0;
				TARGETED_DEVICE_FAMILY = "1,2";
			};
			name = Debug;
		};
		231ABF392BB0DF79007628A2 /* Release */ = {
			isa = XCBuildConfiguration;
			buildSettings = {
				ASSETCATALOG_COMPILER_APPICON_NAME = AppIcon;
				ASSETCATALOG_COMPILER_GLOBAL_ACCENT_COLOR_NAME = AccentColor;
				CODE_SIGN_STYLE = Automatic;
				CURRENT_PROJECT_VERSION = 1;
				DEVELOPMENT_ASSET_PATHS = "\"GreenGuard/Preview Content\"";
				ENABLE_PREVIEWS = YES;
				GENERATE_INFOPLIST_FILE = YES;
				INFOPLIST_KEY_UIApplicationSceneManifest_Generation = YES;
				INFOPLIST_KEY_UIApplicationSupportsIndirectInputEvents = YES;
				INFOPLIST_KEY_UILaunchScreen_Generation = YES;
				INFOPLIST_KEY_UISupportedInterfaceOrientations_iPad = "UIInterfaceOrientationPortrait UIInterfaceOrientationPortraitUpsideDown UIInterfaceOrientationLandscapeLeft UIInterfaceOrientationLandscapeRight";
				INFOPLIST_KEY_UISupportedInterfaceOrientations_iPhone = "UIInterfaceOrientationPortrait UIInterfaceOrientationLandscapeLeft UIInterfaceOrientationLandscapeRight";
				LD_RUNPATH_SEARCH_PATHS = (
					"$(inherited)",
					"@executable_path/Frameworks",
				);
				MARKETING_VERSION = 1.0;
				PRODUCT_BUNDLE_IDENTIFIER = com.GreenGuard.GreenGuard;
				PRODUCT_NAME = "$(TARGET_NAME)";
				SWIFT_EMIT_LOC_STRINGS = YES;
				SWIFT_VERSION = 5.0;
				TARGETED_DEVICE_FAMILY = "1,2";
			};
			name = Release;
		};
/* End XCBuildConfiguration section */

/* Begin XCConfigurationList section */
		231ABF242BB0DF78007628A2 /* Build configuration list for PBXProject "GreenGuard" */ = {
			isa = XCConfigurationList;
			buildConfigurations = (
				231ABF352BB0DF79007628A2 /* Debug */,
				231ABF362BB0DF79007628A2 /* Release */,
			);
			defaultConfigurationIsVisible = 0;
			defaultConfigurationName = Release;
		};
		231ABF372BB0DF79007628A2 /* Build configuration list for PBXNativeTarget "GreenGuard" */ = {
			isa = XCConfigurationList;
			buildConfigurations = (
				231ABF382BB0DF79007628A2 /* Debug */,
				231ABF392BB0DF79007628A2 /* Release */,
			);
			defaultConfigurationIsVisible = 0;
			defaultConfigurationName = Release;
		};
/* End XCConfigurationList section */

/* Begin XCRemoteSwiftPackageReference section */
		231ABF642BB1066E007628A2 /* XCRemoteSwiftPackageReference "firebase-ios-sdk" */ = {
			isa = XCRemoteSwiftPackageReference;
			repositoryURL = "https://github.com/firebase/firebase-ios-sdk";
			requirement = {
				kind = upToNextMajorVersion;
				minimumVersion = 10.23.0;
			};
		};
		231ABF792BB10747007628A2 /* XCRemoteSwiftPackageReference "apollo-ios" */ = {
			isa = XCRemoteSwiftPackageReference;
			repositoryURL = "https://github.com/apollographql/apollo-ios.git";
			requirement = {
				kind = upToNextMinorVersion;
				minimumVersion = 1.9.3;
			};
		};
/* End XCRemoteSwiftPackageReference section */

/* Begin XCSwiftPackageProductDependency section */
		231ABF652BB1066E007628A2 /* FirebaseAnalytics */ = {
			isa = XCSwiftPackageProductDependency;
			package = 231ABF642BB1066E007628A2 /* XCRemoteSwiftPackageReference "firebase-ios-sdk" */;
			productName = FirebaseAnalytics;
		};
		231ABF672BB1066E007628A2 /* FirebaseAuth */ = {
			isa = XCSwiftPackageProductDependency;
			package = 231ABF642BB1066E007628A2 /* XCRemoteSwiftPackageReference "firebase-ios-sdk" */;
			productName = FirebaseAuth;
		};
		231ABF692BB1066E007628A2 /* FirebaseAuthCombine-Community */ = {
			isa = XCSwiftPackageProductDependency;
			package = 231ABF642BB1066E007628A2 /* XCRemoteSwiftPackageReference "firebase-ios-sdk" */;
			productName = "FirebaseAuthCombine-Community";
		};
		231ABF6B2BB1066E007628A2 /* FirebaseDatabase */ = {
			isa = XCSwiftPackageProductDependency;
			package = 231ABF642BB1066E007628A2 /* XCRemoteSwiftPackageReference "firebase-ios-sdk" */;
			productName = FirebaseDatabase;
		};
		231ABF6D2BB1066E007628A2 /* FirebaseDatabaseSwift */ = {
			isa = XCSwiftPackageProductDependency;
			package = 231ABF642BB1066E007628A2 /* XCRemoteSwiftPackageReference "firebase-ios-sdk" */;
			productName = FirebaseDatabaseSwift;
		};
		231ABF6F2BB1066E007628A2 /* FirebaseFirestore */ = {
			isa = XCSwiftPackageProductDependency;
			package = 231ABF642BB1066E007628A2 /* XCRemoteSwiftPackageReference "firebase-ios-sdk" */;
			productName = FirebaseFirestore;
		};
		231ABF712BB1066E007628A2 /* FirebaseFirestoreCombine-Community */ = {
			isa = XCSwiftPackageProductDependency;
			package = 231ABF642BB1066E007628A2 /* XCRemoteSwiftPackageReference "firebase-ios-sdk" */;
			productName = "FirebaseFirestoreCombine-Community";
		};
		231ABF732BB1066E007628A2 /* FirebaseFirestoreSwift */ = {
			isa = XCSwiftPackageProductDependency;
			package = 231ABF642BB1066E007628A2 /* XCRemoteSwiftPackageReference "firebase-ios-sdk" */;
			productName = FirebaseFirestoreSwift;
		};
		231ABF752BB1066E007628A2 /* FirebaseStorage */ = {
			isa = XCSwiftPackageProductDependency;
			package = 231ABF642BB1066E007628A2 /* XCRemoteSwiftPackageReference "firebase-ios-sdk" */;
			productName = FirebaseStorage;
		};
		231ABF772BB1066E007628A2 /* FirebaseStorageCombine-Community */ = {
			isa = XCSwiftPackageProductDependency;
			package = 231ABF642BB1066E007628A2 /* XCRemoteSwiftPackageReference "firebase-ios-sdk" */;
			productName = "FirebaseStorageCombine-Community";
		};
		231ABF7A2BB10747007628A2 /* Apollo */ = {
			isa = XCSwiftPackageProductDependency;
			package = 231ABF792BB10747007628A2 /* XCRemoteSwiftPackageReference "apollo-ios" */;
			productName = Apollo;
		};
		231ABF7C2BB10747007628A2 /* ApolloAPI */ = {
			isa = XCSwiftPackageProductDependency;
			package = 231ABF792BB10747007628A2 /* XCRemoteSwiftPackageReference "apollo-ios" */;
			productName = ApolloAPI;
		};
/* End XCSwiftPackageProductDependency section */
	};
	rootObject = 231ABF212BB0DF78007628A2 /* Project object */;
}
